<?xml version="1.0" encoding="utf-8"?>
<Project ToolsVersion="4.0" xmlns="http://schemas.microsoft.com/developer/msbuild/2003">
  <ItemGroup>
    <Filter Include="Исходные файлы">
      <UniqueIdentifier>{4FC737F1-C7A5-4376-A066-2A32D752A2FF}</UniqueIdentifier>
      <Extensions>cpp;c;cc;cxx;c++;cppm;ixx;def;odl;idl;hpj;bat;asm;asmx</Extensions>
    </Filter>
    <Filter Include="Файлы заголовков">
      <UniqueIdentifier>{93995380-89BD-4b04-88EB-625FBE52EBFB}</UniqueIdentifier>
      <Extensions>h;hh;hpp;hxx;h++;hm;inl;inc;ipp;xsd</Extensions>
    </Filter>
    <Filter Include="Файлы ресурсов">
      <UniqueIdentifier>{67DA6AB6-F800-4c08-8B7A-83BB121AAD01}</UniqueIdentifier>
      <Extensions>rc;ico;cur;bmp;dlg;rc2;rct;bin;rgs;gif;jpg;jpeg;jpe;resx;tiff;tif;png;wav;mfcribbon-ms</Extensions>
    </Filter>
  </ItemGroup>
  <ItemGroup>
    <ClCompile Include="Source.cpp">
      <Filter>Файлы ресурсов</Filter>
    </ClCompile>
  </ItemGroup>
  <ItemGroup>
    <ClInclude Include="resource.h">
      <Filter>Файлы заголовков</Filter>
    </ClInclude>
    <ClInclude Include="SecondLab.h">
      <Filter>Файлы заголовков</Filter>
    </ClInclude>
    <ClInclude Include="Header.h">
      <Filter>Файлы заголовков</Filter>
    </ClInclude>
    <ClInclude Include="FirstLab.h">
      <Filter>Файлы заголовков</Filter>
    </ClInclude>
    <ClInclude Include="ThirdLab.h">
      <Filter>Файлы заголовков</Filter>
    </ClInclude>
    <ClInclude Include="FourthLab.h">
      <Filter>Файлы заголовков</Filter>
    </ClInclude>
    <ClInclude Include="FifthLab.h">
      <Filter>Файлы заголовков</Filter>
    </ClInclude>
    <ClInclude Include="SixthLab.h">
      <Filter>Файлы заголовков</Filter>
    </ClInclude>
    <ClInclude Include="SeventhLab.h">
      <Filter>Файлы заголовков</Filter>
    </ClInclude>
  </ItemGroup>
  <ItemGroup>
    <ResourceCompile Include="Project1.rc">
      <Filter>Файлы ресурсов</Filter>
    </ResourceCompile>
  </ItemGroup>
  <ItemGroup>
    <Image Include="..\..\..\info.ico">
      <Filter>Файлы ресурсов</Filter>
    </Image>
    <Image Include="..\..\..\Downloads\Guillendesign-Variations-3-Microsoft-Info.ico">
      <Filter>Файлы ресурсов</Filter>
    </Image>
    <Image Include="..\..\..\Downloads\1564490_arrow_music_play_arrows_audio_icon.png">
      <Filter>Файлы ресурсов</Filter>
    </Image>
    <Image Include="..\..\..\Downloads\4964051_audio_media_music_pause_play_icon.png">
      <Filter>Файлы ресурсов</Filter>
    </Image>
    <Image Include="..\..\..\Downloads\play.ico">
      <Filter>Файлы ресурсов</Filter>
    </Image>
    <Image Include="..\..\..\Downloads\pause.ico">
      <Filter>Файлы ресурсов</Filter>
    </Image>
  </ItemGroup>
</Project>